
Microsoft Visual Studio Solution File, Format Version 12.00
# Visual Studio Version 17
VisualStudioVersion = 17.0.31903.59
MinimumVisualStudioVersion = 10.0.40219.1
Project("{FAE04EC0-301F-11D3-BF4B-00C04F79EFBC}") = "API", "API\API.csproj", "{895FFE3A-3776-4409-A870-834C07783347}"
EndProject
Project("{FAE04EC0-301F-11D3-BF4B-00C04F79EFBC}") = "Core", "Core\Core.csproj", "{FCEA30C2-D12F-4992-AEF4-23103B5C0FBE}"
EndProject
Project("{FAE04EC0-301F-11D3-BF4B-00C04F79EFBC}") = "Infrastructure", "Infrastructure\Infrastructure.csproj", "{FE3ED61C-F421-465A-837C-D67FB546FF4B}"
EndProject
Global
	GlobalSection(SolutionConfigurationPlatforms) = preSolution
		Debug|Any CPU = Debug|Any CPU
		Release|Any CPU = Release|Any CPU
	EndGlobalSection
	GlobalSection(SolutionProperties) = preSolution
		HideSolutionNode = FALSE
	EndGlobalSection
	GlobalSection(ProjectConfigurationPlatforms) = postSolution
		{895FFE3A-3776-4409-A870-834C07783347}.Debug|Any CPU.ActiveCfg = Debug|Any CPU
		{895FFE3A-3776-4409-A870-834C07783347}.Debug|Any CPU.Build.0 = Debug|Any CPU
		{895FFE3A-3776-4409-A870-834C07783347}.Release|Any CPU.ActiveCfg = Release|Any CPU
		{895FFE3A-3776-4409-A870-834C07783347}.Release|Any CPU.Build.0 = Release|Any CPU
		{FCEA30C2-D12F-4992-AEF4-23103B5C0FBE}.Debug|Any CPU.ActiveCfg = Debug|Any CPU
		{FCEA30C2-D12F-4992-AEF4-23103B5C0FBE}.Debug|Any CPU.Build.0 = Debug|Any CPU
		{FCEA30C2-D12F-4992-AEF4-23103B5C0FBE}.Release|Any CPU.ActiveCfg = Release|Any CPU
		{FCEA30C2-D12F-4992-AEF4-23103B5C0FBE}.Release|Any CPU.Build.0 = Release|Any CPU
		{FE3ED61C-F421-465A-837C-D67FB546FF4B}.Debug|Any CPU.ActiveCfg = Debug|Any CPU
		{FE3ED61C-F421-465A-837C-D67FB546FF4B}.Debug|Any CPU.Build.0 = Debug|Any CPU
		{FE3ED61C-F421-465A-837C-D67FB546FF4B}.Release|Any CPU.ActiveCfg = Release|Any CPU
		{FE3ED61C-F421-465A-837C-D67FB546FF4B}.Release|Any CPU.Build.0 = Release|Any CPU
	EndGlobalSection
EndGlobal
